
Microsoft Visual Studio Solution File, Format Version 12.00
# Visual Studio Version 17
VisualStudioVersion = 17.10.34928.147
MinimumVisualStudioVersion = 10.0.40219.1
Project("{FAE04EC0-301F-11D3-BF4B-00C04F79EFBC}") = "Parallel Sum", "Parallel Sum\Parallel Sum.csproj", "{5F951FF4-C774-486A-8F91-5C55F751AD94}"
EndProject
Global
	GlobalSection(SolutionConfigurationPlatforms) = preSolution
		Debug|Any CPU = Debug|Any CPU
		Release|Any CPU = Release|Any CPU
	EndGlobalSection
	GlobalSection(ProjectConfigurationPlatforms) = postSolution
		{5F951FF4-C774-486A-8F91-5C55F751AD94}.Debug|Any CPU.ActiveCfg = Debug|Any CPU
		{5F951FF4-C774-486A-8F91-5C55F751AD94}.Debug|Any CPU.Build.0 = Debug|Any CPU
		{5F951FF4-C774-486A-8F91-5C55F751AD94}.Release|Any CPU.ActiveCfg = Release|Any CPU
		{5F951FF4-C774-486A-8F91-5C55F751AD94}.Release|Any CPU.Build.0 = Release|Any CPU
	EndGlobalSection
	GlobalSection(SolutionProperties) = preSolution
		HideSolutionNode = FALSE
	EndGlobalSection
	GlobalSection(ExtensibilityGlobals) = postSolution
		SolutionGuid = {D2327434-7A27-4223-A0C6-CA50B0D8D692}
	EndGlobalSection
EndGlobal
